// !$*UTF8*$!
{
	archiveVersion = 1;
	classes = {
	};
	objectVersion = 50;
	objects = {

/* Begin PBXBuildFile section */
		AB549D0F25188258003A7B30 /* QYGLRenderView.m in Sources */ = {isa = PBXBuildFile; fileRef = AB549D0E25188258003A7B30 /* QYGLRenderView.m */; };
		AB5992E825144BCA00247AE4 /* QYImageTransitionTypeViewController.m in Sources */ = {isa = PBXBuildFile; fileRef = AB5992E725144BCA00247AE4 /* QYImageTransitionTypeViewController.m */; };
		AB5992EA25149B7F00247AE4 /* theme.jpg in Resources */ = {isa = PBXBuildFile; fileRef = AB5992E925149B7F00247AE4 /* theme.jpg */; };
		AB8522E12513402A0021D179 /* AppDelegate.m in Sources */ = {isa = PBXBuildFile; fileRef = AB8522E02513402A0021D179 /* AppDelegate.m */; };
		AB8522E42513402A0021D179 /* SceneDelegate.m in Sources */ = {isa = PBXBuildFile; fileRef = AB8522E32513402A0021D179 /* SceneDelegate.m */; };
		AB8522E72513402A0021D179 /* ViewController.m in Sources */ = {isa = PBXBuildFile; fileRef = AB8522E62513402A0021D179 /* ViewController.m */; };
		AB8522EA2513402A0021D179 /* Main.storyboard in Resources */ = {isa = PBXBuildFile; fileRef = AB8522E82513402A0021D179 /* Main.storyboard */; };
		AB8522EC2513402C0021D179 /* Assets.xcassets in Resources */ = {isa = PBXBuildFile; fileRef = AB8522EB2513402C0021D179 /* Assets.xcassets */; };
		AB8522EF2513402C0021D179 /* LaunchScreen.storyboard in Resources */ = {isa = PBXBuildFile; fileRef = AB8522ED2513402C0021D179 /* LaunchScreen.storyboard */; };
		AB8522F22513402C0021D179 /* main.m in Sources */ = {isa = PBXBuildFile; fileRef = AB8522F12513402C0021D179 /* main.m */; };
		AB8522FC2513402C0021D179 /* OpenGL_3_0Tests.m in Sources */ = {isa = PBXBuildFile; fileRef = AB8522FB2513402C0021D179 /* OpenGL_3_0Tests.m */; };
		AB8523072513402C0021D179 /* OpenGL_3_0UITests.m in Sources */ = {isa = PBXBuildFile; fileRef = AB8523062513402C0021D179 /* OpenGL_3_0UITests.m */; };
		AB852317251340F20021D179 /* QYImageRenderViewController.m in Sources */ = {isa = PBXBuildFile; fileRef = AB852316251340F20021D179 /* QYImageRenderViewController.m */; };
		AB85231A251341760021D179 /* QYGLViewController.m in Sources */ = {isa = PBXBuildFile; fileRef = AB852319251341760021D179 /* QYGLViewController.m */; };
		AB85231E251343520021D179 /* QYGLContext.m in Sources */ = {isa = PBXBuildFile; fileRef = AB85231D251343520021D179 /* QYGLContext.m */; };
		AB8523212513452A0021D179 /* QYGLUtils.m in Sources */ = {isa = PBXBuildFile; fileRef = AB8523202513452A0021D179 /* QYGLUtils.m */; };
		AB8523232513468F0021D179 /* shader.vsh in Resources */ = {isa = PBXBuildFile; fileRef = AB8523222513468F0021D179 /* shader.vsh */; };
		AB852325251346A10021D179 /* shader.fsh in Resources */ = {isa = PBXBuildFile; fileRef = AB852324251346A10021D179 /* shader.fsh */; };
		AB85232725134DD00021D179 /* yourname.png in Resources */ = {isa = PBXBuildFile; fileRef = AB85232625134DD00021D179 /* yourname.png */; };
		AB85232C251354060021D179 /* QYImageTransitionViewController.m in Sources */ = {isa = PBXBuildFile; fileRef = AB85232B251354060021D179 /* QYImageTransitionViewController.m */; };
		AB9E5BA22518A3DA00A1D9F3 /* QYMediaDecoder.m in Sources */ = {isa = PBXBuildFile; fileRef = AB9E5BA12518A3DA00A1D9F3 /* QYMediaDecoder.m */; };
/* End PBXBuildFile section */

/* Begin PBXContainerItemProxy section */
		AB8522F82513402C0021D179 /* PBXContainerItemProxy */ = {
			isa = PBXContainerItemProxy;
			containerPortal = AB8522D42513402A0021D179 /* Project object */;
			proxyType = 1;
			remoteGlobalIDString = AB8522DB2513402A0021D179;
			remoteInfo = OpenGL_3.0;
		};
		AB8523032513402C0021D179 /* PBXContainerItemProxy */ = {
			isa = PBXContainerItemProxy;
			containerPortal = AB8522D42513402A0021D179 /* Project object */;
			proxyType = 1;
			remoteGlobalIDString = AB8522DB2513402A0021D179;
			remoteInfo = OpenGL_3.0;
		};
/* End PBXContainerItemProxy section */

/* Begin PBXFileReference section */
		AB549D0D25188258003A7B30 /* QYGLRenderView.h */ = {isa = PBXFileReference; lastKnownFileType = sourcecode.c.h; path = QYGLRenderView.h; sourceTree = "<group>"; };
		AB549D0E25188258003A7B30 /* QYGLRenderView.m */ = {isa = PBXFileReference; lastKnownFileType = sourcecode.c.objc; path = QYGLRenderView.m; sourceTree = "<group>"; };
		AB5992E625144BCA00247AE4 /* QYImageTransitionTypeViewController.h */ = {isa = PBXFileReference; lastKnownFileType = sourcecode.c.h; path = QYImageTransitionTypeViewController.h; sourceTree = "<group>"; };
		AB5992E725144BCA00247AE4 /* QYImageTransitionTypeViewController.m */ = {isa = PBXFileReference; lastKnownFileType = sourcecode.c.objc; path = QYImageTransitionTypeViewController.m; sourceTree = "<group>"; };
		AB5992E925149B7F00247AE4 /* theme.jpg */ = {isa = PBXFileReference; lastKnownFileType = image.jpeg; path = theme.jpg; sourceTree = "<group>"; };
		AB8522DC2513402A0021D179 /* OpenGL_3.0.app */ = {isa = PBXFileReference; explicitFileType = wrapper.application; includeInIndex = 0; path = OpenGL_3.0.app; sourceTree = BUILT_PRODUCTS_DIR; };
		AB8522DF2513402A0021D179 /* AppDelegate.h */ = {isa = PBXFileReference; lastKnownFileType = sourcecode.c.h; path = AppDelegate.h; sourceTree = "<group>"; };
		AB8522E02513402A0021D179 /* AppDelegate.m */ = {isa = PBXFileReference; lastKnownFileType = sourcecode.c.objc; path = AppDelegate.m; sourceTree = "<group>"; };
		AB8522E22513402A0021D179 /* SceneDelegate.h */ = {isa = PBXFileReference; lastKnownFileType = sourcecode.c.h; path = SceneDelegate.h; sourceTree = "<group>"; };
		AB8522E32513402A0021D179 /* SceneDelegate.m */ = {isa = PBXFileReference; lastKnownFileType = sourcecode.c.objc; path = SceneDelegate.m; sourceTree = "<group>"; };
		AB8522E52513402A0021D179 /* ViewController.h */ = {isa = PBXFileReference; lastKnownFileType = sourcecode.c.h; path = ViewController.h; sourceTree = "<group>"; };
		AB8522E62513402A0021D179 /* ViewController.m */ = {isa = PBXFileReference; lastKnownFileType = sourcecode.c.objc; path = ViewController.m; sourceTree = "<group>"; };
		AB8522E92513402A0021D179 /* Base */ = {isa = PBXFileReference; lastKnownFileType = file.storyboard; name = Base; path = Base.lproj/Main.storyboard; sourceTree = "<group>"; };
		AB8522EB2513402C0021D179 /* Assets.xcassets */ = {isa = PBXFileReference; lastKnownFileType = folder.assetcatalog; path = Assets.xcassets; sourceTree = "<group>"; };
		AB8522EE2513402C0021D179 /* Base */ = {isa = PBXFileReference; lastKnownFileType = file.storyboard; name = Base; path = Base.lproj/LaunchScreen.storyboard; sourceTree = "<group>"; };
		AB8522F02513402C0021D179 /* Info.plist */ = {isa = PBXFileReference; lastKnownFileType = text.plist.xml; path = Info.plist; sourceTree = "<group>"; };
		AB8522F12513402C0021D179 /* main.m */ = {isa = PBXFileReference; lastKnownFileType = sourcecode.c.objc; path = main.m; sourceTree = "<group>"; };
		AB8522F72513402C0021D179 /* OpenGL_3.0Tests.xctest */ = {isa = PBXFileReference; explicitFileType = wrapper.cfbundle; includeInIndex = 0; path = OpenGL_3.0Tests.xctest; sourceTree = BUILT_PRODUCTS_DIR; };
		AB8522FB2513402C0021D179 /* OpenGL_3_0Tests.m */ = {isa = PBXFileReference; lastKnownFileType = sourcecode.c.objc; path = OpenGL_3_0Tests.m; sourceTree = "<group>"; };
		AB8522FD2513402C0021D179 /* Info.plist */ = {isa = PBXFileReference; lastKnownFileType = text.plist.xml; path = Info.plist; sourceTree = "<group>"; };
		AB8523022513402C0021D179 /* OpenGL_3.0UITests.xctest */ = {isa = PBXFileReference; explicitFileType = wrapper.cfbundle; includeInIndex = 0; path = OpenGL_3.0UITests.xctest; sourceTree = BUILT_PRODUCTS_DIR; };
		AB8523062513402C0021D179 /* OpenGL_3_0UITests.m */ = {isa = PBXFileReference; lastKnownFileType = sourcecode.c.objc; path = OpenGL_3_0UITests.m; sourceTree = "<group>"; };
		AB8523082513402C0021D179 /* Info.plist */ = {isa = PBXFileReference; lastKnownFileType = text.plist.xml; path = Info.plist; sourceTree = "<group>"; };
		AB852315251340F20021D179 /* QYImageRenderViewController.h */ = {isa = PBXFileReference; lastKnownFileType = sourcecode.c.h; path = QYImageRenderViewController.h; sourceTree = "<group>"; };
		AB852316251340F20021D179 /* QYImageRenderViewController.m */ = {isa = PBXFileReference; lastKnownFileType = sourcecode.c.objc; path = QYImageRenderViewController.m; sourceTree = "<group>"; };
		AB852318251341760021D179 /* QYGLViewController.h */ = {isa = PBXFileReference; lastKnownFileType = sourcecode.c.h; path = QYGLViewController.h; sourceTree = "<group>"; };
		AB852319251341760021D179 /* QYGLViewController.m */ = {isa = PBXFileReference; lastKnownFileType = sourcecode.c.objc; path = QYGLViewController.m; sourceTree = "<group>"; };
		AB85231C251343520021D179 /* QYGLContext.h */ = {isa = PBXFileReference; lastKnownFileType = sourcecode.c.h; name = QYGLContext.h; path = OpenGL_3.0/Examples/QYGLContext.h; sourceTree = SOURCE_ROOT; };
		AB85231D251343520021D179 /* QYGLContext.m */ = {isa = PBXFileReference; lastKnownFileType = sourcecode.c.objc; name = QYGLContext.m; path = OpenGL_3.0/Examples/QYGLContext.m; sourceTree = SOURCE_ROOT; };
		AB85231F2513452A0021D179 /* QYGLUtils.h */ = {isa = PBXFileReference; lastKnownFileType = sourcecode.c.h; path = QYGLUtils.h; sourceTree = "<group>"; };
		AB8523202513452A0021D179 /* QYGLUtils.m */ = {isa = PBXFileReference; lastKnownFileType = sourcecode.c.objc; path = QYGLUtils.m; sourceTree = "<group>"; };
		AB8523222513468F0021D179 /* shader.vsh */ = {isa = PBXFileReference; lastKnownFileType = sourcecode.glsl; path = shader.vsh; sourceTree = "<group>"; };
		AB852324251346A10021D179 /* shader.fsh */ = {isa = PBXFileReference; lastKnownFileType = sourcecode.glsl; path = shader.fsh; sourceTree = "<group>"; };
		AB85232625134DD00021D179 /* yourname.png */ = {isa = PBXFileReference; lastKnownFileType = image.png; path = yourname.png; sourceTree = "<group>"; };
		AB85232A251354060021D179 /* QYImageTransitionViewController.h */ = {isa = PBXFileReference; lastKnownFileType = sourcecode.c.h; path = QYImageTransitionViewController.h; sourceTree = "<group>"; };
		AB85232B251354060021D179 /* QYImageTransitionViewController.m */ = {isa = PBXFileReference; lastKnownFileType = sourcecode.c.objc; path = QYImageTransitionViewController.m; sourceTree = "<group>"; };
		AB9E5BA02518A3DA00A1D9F3 /* QYMediaDecoder.h */ = {isa = PBXFileReference; lastKnownFileType = sourcecode.c.h; path = QYMediaDecoder.h; sourceTree = "<group>"; };
		AB9E5BA12518A3DA00A1D9F3 /* QYMediaDecoder.m */ = {isa = PBXFileReference; lastKnownFileType = sourcecode.c.objc; path = QYMediaDecoder.m; sourceTree = "<group>"; };
/* End PBXFileReference section */

/* Begin PBXFrameworksBuildPhase section */
		AB8522D92513402A0021D179 /* Frameworks */ = {
			isa = PBXFrameworksBuildPhase;
			buildActionMask = 2147483647;
			files = (
			);
			runOnlyForDeploymentPostprocessing = 0;
		};
		AB8522F42513402C0021D179 /* Frameworks */ = {
			isa = PBXFrameworksBuildPhase;
			buildActionMask = 2147483647;
			files = (
			);
			runOnlyForDeploymentPostprocessing = 0;
		};
		AB8522FF2513402C0021D179 /* Frameworks */ = {
			isa = PBXFrameworksBuildPhase;
			buildActionMask = 2147483647;
			files = (
			);
			runOnlyForDeploymentPostprocessing = 0;
		};
/* End PBXFrameworksBuildPhase section */

/* Begin PBXGroup section */
		AB549D0B251881C6003A7B30 /* GLKit */ = {
			isa = PBXGroup;
			children = (
				AB852315251340F20021D179 /* QYImageRenderViewController.h */,
				AB852316251340F20021D179 /* QYImageRenderViewController.m */,
				AB85232A251354060021D179 /* QYImageTransitionViewController.h */,
				AB85232B251354060021D179 /* QYImageTransitionViewController.m */,
				AB5992E625144BCA00247AE4 /* QYImageTransitionTypeViewController.h */,
				AB5992E725144BCA00247AE4 /* QYImageTransitionTypeViewController.m */,
				AB852318251341760021D179 /* QYGLViewController.h */,
				AB852319251341760021D179 /* QYGLViewController.m */,
			);
			path = GLKit;
			sourceTree = "<group>";
		};
		AB549D0C2518822F003A7B30 /* GLES */ = {
			isa = PBXGroup;
			children = (
				AB549D0D25188258003A7B30 /* QYGLRenderView.h */,
				AB549D0E25188258003A7B30 /* QYGLRenderView.m */,
			);
			path = GLES;
			sourceTree = "<group>";
		};
		AB8522D32513402A0021D179 = {
			isa = PBXGroup;
			children = (
				AB8522DE2513402A0021D179 /* OpenGL_3.0 */,
				AB8522FA2513402C0021D179 /* OpenGL_3.0Tests */,
				AB8523052513402C0021D179 /* OpenGL_3.0UITests */,
				AB8522DD2513402A0021D179 /* Products */,
			);
			sourceTree = "<group>";
		};
		AB8522DD2513402A0021D179 /* Products */ = {
			isa = PBXGroup;
			children = (
				AB8522DC2513402A0021D179 /* OpenGL_3.0.app */,
				AB8522F72513402C0021D179 /* OpenGL_3.0Tests.xctest */,
				AB8523022513402C0021D179 /* OpenGL_3.0UITests.xctest */,
			);
			name = Products;
			sourceTree = "<group>";
		};
		AB8522DE2513402A0021D179 /* OpenGL_3.0 */ = {
			isa = PBXGroup;
			children = (
				AB852314251340BC0021D179 /* Examples */,
				AB8522DF2513402A0021D179 /* AppDelegate.h */,
				AB8522E02513402A0021D179 /* AppDelegate.m */,
				AB8522E22513402A0021D179 /* SceneDelegate.h */,
				AB8522E32513402A0021D179 /* SceneDelegate.m */,
				AB8522E52513402A0021D179 /* ViewController.h */,
				AB8522E62513402A0021D179 /* ViewController.m */,
				AB8522E82513402A0021D179 /* Main.storyboard */,
				AB8522EB2513402C0021D179 /* Assets.xcassets */,
				AB8522ED2513402C0021D179 /* LaunchScreen.storyboard */,
				AB8522F02513402C0021D179 /* Info.plist */,
				AB8522F12513402C0021D179 /* main.m */,
			);
			path = OpenGL_3.0;
			sourceTree = "<group>";
		};
		AB8522FA2513402C0021D179 /* OpenGL_3.0Tests */ = {
			isa = PBXGroup;
			children = (
				AB8522FB2513402C0021D179 /* OpenGL_3_0Tests.m */,
				AB8522FD2513402C0021D179 /* Info.plist */,
			);
			path = OpenGL_3.0Tests;
			sourceTree = "<group>";
		};
		AB8523052513402C0021D179 /* OpenGL_3.0UITests */ = {
			isa = PBXGroup;
			children = (
				AB8523062513402C0021D179 /* OpenGL_3_0UITests.m */,
				AB8523082513402C0021D179 /* Info.plist */,
			);
			path = OpenGL_3.0UITests;
			sourceTree = "<group>";
		};
		AB852314251340BC0021D179 /* Examples */ = {
			isa = PBXGroup;
			children = (
				AB9E5B9F2518A3A200A1D9F3 /* Codec */,
				AB549D0C2518822F003A7B30 /* GLES */,
				AB85231B251343350021D179 /* QYUtils */,
				AB549D0B251881C6003A7B30 /* GLKit */,
				AB5992E925149B7F00247AE4 /* theme.jpg */,
				AB85232625134DD00021D179 /* yourname.png */,
			);
			path = Examples;
			sourceTree = "<group>";
		};
		AB85231B251343350021D179 /* QYUtils */ = {
			isa = PBXGroup;
			children = (
				AB85231C251343520021D179 /* QYGLContext.h */,
				AB85231D251343520021D179 /* QYGLContext.m */,
				AB85231F2513452A0021D179 /* QYGLUtils.h */,
				AB8523202513452A0021D179 /* QYGLUtils.m */,
				AB8523222513468F0021D179 /* shader.vsh */,
				AB852324251346A10021D179 /* shader.fsh */,
			);
			path = QYUtils;
			sourceTree = "<group>";
		};
		AB9E5B9F2518A3A200A1D9F3 /* Codec */ = {
			isa = PBXGroup;
			children = (
				AB9E5BA02518A3DA00A1D9F3 /* QYMediaDecoder.h */,
				AB9E5BA12518A3DA00A1D9F3 /* QYMediaDecoder.m */,
			);
			path = Codec;
			sourceTree = "<group>";
		};
/* End PBXGroup section */

/* Begin PBXNativeTarget section */
		AB8522DB2513402A0021D179 /* OpenGL_3.0 */ = {
			isa = PBXNativeTarget;
			buildConfigurationList = AB85230B2513402C0021D179 /* Build configuration list for PBXNativeTarget "OpenGL_3.0" */;
			buildPhases = (
				AB8522D82513402A0021D179 /* Sources */,
				AB8522D92513402A0021D179 /* Frameworks */,
				AB8522DA2513402A0021D179 /* Resources */,
			);
			buildRules = (
			);
			dependencies = (
			);
			name = OpenGL_3.0;
			productName = OpenGL_3.0;
			productReference = AB8522DC2513402A0021D179 /* OpenGL_3.0.app */;
			productType = "com.apple.product-type.application";
		};
		AB8522F62513402C0021D179 /* OpenGL_3.0Tests */ = {
			isa = PBXNativeTarget;
			buildConfigurationList = AB85230E2513402C0021D179 /* Build configuration list for PBXNativeTarget "OpenGL_3.0Tests" */;
			buildPhases = (
				AB8522F32513402C0021D179 /* Sources */,
				AB8522F42513402C0021D179 /* Frameworks */,
				AB8522F52513402C0021D179 /* Resources */,
			);
			buildRules = (
			);
			dependencies = (
				AB8522F92513402C0021D179 /* PBXTargetDependency */,
			);
			name = OpenGL_3.0Tests;
			productName = OpenGL_3.0Tests;
			productReference = AB8522F72513402C0021D179 /* OpenGL_3.0Tests.xctest */;
			productType = "com.apple.product-type.bundle.unit-test";
		};
		AB8523012513402C0021D179 /* OpenGL_3.0UITests */ = {
			isa = PBXNativeTarget;
			buildConfigurationList = AB8523112513402C0021D179 /* Build configuration list for PBXNativeTarget "OpenGL_3.0UITests" */;
			buildPhases = (
				AB8522FE2513402C0021D179 /* Sources */,
				AB8522FF2513402C0021D179 /* Frameworks */,
				AB8523002513402C0021D179 /* Resources */,
			);
			buildRules = (
			);
			dependencies = (
				AB8523042513402C0021D179 /* PBXTargetDependency */,
			);
			name = OpenGL_3.0UITests;
			productName = OpenGL_3.0UITests;
			productReference = AB8523022513402C0021D179 /* OpenGL_3.0UITests.xctest */;
			productType = "com.apple.product-type.bundle.ui-testing";
		};
/* End PBXNativeTarget section */

/* Begin PBXProject section */
		AB8522D42513402A0021D179 /* Project object */ = {
			isa = PBXProject;
			attributes = {
				LastUpgradeCheck = 1200;
				ORGANIZATIONNAME = "祁云";
				TargetAttributes = {
					AB8522DB2513402A0021D179 = {
						CreatedOnToolsVersion = 11.7;
					};
					AB8522F62513402C0021D179 = {
						CreatedOnToolsVersion = 11.7;
						TestTargetID = AB8522DB2513402A0021D179;
					};
					AB8523012513402C0021D179 = {
						CreatedOnToolsVersion = 11.7;
						TestTargetID = AB8522DB2513402A0021D179;
					};
				};
			};
			buildConfigurationList = AB8522D72513402A0021D179 /* Build configuration list for PBXProject "OpenGL_3.0" */;
			compatibilityVersion = "Xcode 9.3";
			developmentRegion = en;
			hasScannedForEncodings = 0;
			knownRegions = (
				en,
				Base,
			);
			mainGroup = AB8522D32513402A0021D179;
			productRefGroup = AB8522DD2513402A0021D179 /* Products */;
			projectDirPath = "";
			projectRoot = "";
			targets = (
				AB8522DB2513402A0021D179 /* OpenGL_3.0 */,
				AB8522F62513402C0021D179 /* OpenGL_3.0Tests */,
				AB8523012513402C0021D179 /* OpenGL_3.0UITests */,
			);
		};
/* End PBXProject section */

/* Begin PBXResourcesBuildPhase section */
		AB8522DA2513402A0021D179 /* Resources */ = {
			isa = PBXResourcesBuildPhase;
			buildActionMask = 2147483647;
			files = (
				AB852325251346A10021D179 /* shader.fsh in Resources */,
				AB8523232513468F0021D179 /* shader.vsh in Resources */,
				AB5992EA25149B7F00247AE4 /* theme.jpg in Resources */,
				AB8522EF2513402C0021D179 /* LaunchScreen.storyboard in Resources */,
				AB8522EC2513402C0021D179 /* Assets.xcassets in Resources */,
				AB85232725134DD00021D179 /* yourname.png in Resources */,
				AB8522EA2513402A0021D179 /* Main.storyboard in Resources */,
			);
			runOnlyForDeploymentPostprocessing = 0;
		};
		AB8522F52513402C0021D179 /* Resources */ = {
			isa = PBXResourcesBuildPhase;
			buildActionMask = 2147483647;
			files = (
			);
			runOnlyForDeploymentPostprocessing = 0;
		};
		AB8523002513402C0021D179 /* Resources */ = {
			isa = PBXResourcesBuildPhase;
			buildActionMask = 2147483647;
			files = (
			);
			runOnlyForDeploymentPostprocessing = 0;
		};
/* End PBXResourcesBuildPhase section */

/* Begin PBXSourcesBuildPhase section */
		AB8522D82513402A0021D179 /* Sources */ = {
			isa = PBXSourcesBuildPhase;
			buildActionMask = 2147483647;
			files = (
				AB549D0F25188258003A7B30 /* QYGLRenderView.m in Sources */,
				AB8522E72513402A0021D179 /* ViewController.m in Sources */,
				AB85232C251354060021D179 /* QYImageTransitionViewController.m in Sources */,
				AB85231A251341760021D179 /* QYGLViewController.m in Sources */,
				AB5992E825144BCA00247AE4 /* QYImageTransitionTypeViewController.m in Sources */,
				AB8522E12513402A0021D179 /* AppDelegate.m in Sources */,
				AB85231E251343520021D179 /* QYGLContext.m in Sources */,
				AB9E5BA22518A3DA00A1D9F3 /* QYMediaDecoder.m in Sources */,
				AB8523212513452A0021D179 /* QYGLUtils.m in Sources */,
				AB8522F22513402C0021D179 /* main.m in Sources */,
				AB8522E42513402A0021D179 /* SceneDelegate.m in Sources */,
				AB852317251340F20021D179 /* QYImageRenderViewController.m in Sources */,
			);
			runOnlyForDeploymentPostprocessing = 0;
		};
		AB8522F32513402C0021D179 /* Sources */ = {
			isa = PBXSourcesBuildPhase;
			buildActionMask = 2147483647;
			files = (
				AB8522FC2513402C0021D179 /* OpenGL_3_0Tests.m in Sources */,
			);
			runOnlyForDeploymentPostprocessing = 0;
		};
		AB8522FE2513402C0021D179 /* Sources */ = {
			isa = PBXSourcesBuildPhase;
			buildActionMask = 2147483647;
			files = (
				AB8523072513402C0021D179 /* OpenGL_3_0UITests.m in Sources */,
			);
			runOnlyForDeploymentPostprocessing = 0;
		};
/* End PBXSourcesBuildPhase section */

/* Begin PBXTargetDependency section */
		AB8522F92513402C0021D179 /* PBXTargetDependency */ = {
			isa = PBXTargetDependency;
			target = AB8522DB2513402A0021D179 /* OpenGL_3.0 */;
			targetProxy = AB8522F82513402C0021D179 /* PBXContainerItemProxy */;
		};
		AB8523042513402C0021D179 /* PBXTargetDependency */ = {
			isa = PBXTargetDependency;
			target = AB8522DB2513402A0021D179 /* OpenGL_3.0 */;
			targetProxy = AB8523032513402C0021D179 /* PBXContainerItemProxy */;
		};
/* End PBXTargetDependency section */

/* Begin PBXVariantGroup section */
		AB8522E82513402A0021D179 /* Main.storyboard */ = {
			isa = PBXVariantGroup;
			children = (
				AB8522E92513402A0021D179 /* Base */,
			);
			name = Main.storyboard;
			sourceTree = "<group>";
		};
		AB8522ED2513402C0021D179 /* LaunchScreen.storyboard */ = {
			isa = PBXVariantGroup;
			children = (
				AB8522EE2513402C0021D179 /* Base */,
			);
			name = LaunchScreen.storyboard;
			sourceTree = "<group>";
		};
/* End PBXVariantGroup section */

/* Begin XCBuildConfiguration section */
		AB8523092513402C0021D179 /* Debug */ = {
			isa = XCBuildConfiguration;
			buildSettings = {
				ALWAYS_SEARCH_USER_PATHS = NO;
				CLANG_ANALYZER_NONNULL = YES;
				CLANG_ANALYZER_NUMBER_OBJECT_CONVERSION = YES_AGGRESSIVE;
				CLANG_CXX_LANGUAGE_STANDARD = "gnu++14";
				CLANG_CXX_LIBRARY = "libc++";
				CLANG_ENABLE_MODULES = YES;
				CLANG_ENABLE_OBJC_ARC = YES;
				CLANG_ENABLE_OBJC_WEAK = YES;
				CLANG_WARN_BLOCK_CAPTURE_AUTORELEASING = YES;
				CLANG_WARN_BOOL_CONVERSION = YES;
				CLANG_WARN_COMMA = YES;
				CLANG_WARN_CONSTANT_CONVERSION = YES;
				CLANG_WARN_DEPRECATED_OBJC_IMPLEMENTATIONS = YES;
				CLANG_WARN_DIRECT_OBJC_ISA_USAGE = YES_ERROR;
				CLANG_WARN_DOCUMENTATION_COMMENTS = YES;
				CLANG_WARN_EMPTY_BODY = YES;
				CLANG_WARN_ENUM_CONVERSION = YES;
				CLANG_WARN_INFINITE_RECURSION = YES;
				CLANG_WARN_INT_CONVERSION = YES;
				CLANG_WARN_NON_LITERAL_NULL_CONVERSION = YES;
				CLANG_WARN_OBJC_IMPLICIT_RETAIN_SELF = YES;
				CLANG_WARN_OBJC_LITERAL_CONVERSION = YES;
				CLANG_WARN_OBJC_ROOT_CLASS = YES_ERROR;
				CLANG_WARN_QUOTED_INCLUDE_IN_FRAMEWORK_HEADER = YES;
				CLANG_WARN_RANGE_LOOP_ANALYSIS = YES;
				CLANG_WARN_STRICT_PROTOTYPES = YES;
				CLANG_WARN_SUSPICIOUS_MOVE = YES;
				CLANG_WARN_UNGUARDED_AVAILABILITY = YES_AGGRESSIVE;
				CLANG_WARN_UNREACHABLE_CODE = YES;
				CLANG_WARN__DUPLICATE_METHOD_MATCH = YES;
				COPY_PHASE_STRIP = NO;
				DEBUG_INFORMATION_FORMAT = dwarf;
				ENABLE_STRICT_OBJC_MSGSEND = YES;
				ENABLE_TESTABILITY = YES;
				GCC_C_LANGUAGE_STANDARD = gnu11;
				GCC_DYNAMIC_NO_PIC = NO;
				GCC_NO_COMMON_BLOCKS = YES;
				GCC_OPTIMIZATION_LEVEL = 0;
				GCC_PREPROCESSOR_DEFINITIONS = (
					"DEBUG=1",
					"$(inherited)",
				);
				GCC_WARN_64_TO_32_BIT_CONVERSION = YES;
				GCC_WARN_ABOUT_RETURN_TYPE = YES_ERROR;
				GCC_WARN_UNDECLARED_SELECTOR = YES;
				GCC_WARN_UNINITIALIZED_AUTOS = YES_AGGRESSIVE;
				GCC_WARN_UNUSED_FUNCTION = YES;
				GCC_WARN_UNUSED_VARIABLE = YES;
				IPHONEOS_DEPLOYMENT_TARGET = 12.0;
				MTL_ENABLE_DEBUG_INFO = INCLUDE_SOURCE;
				MTL_FAST_MATH = YES;
				ONLY_ACTIVE_ARCH = YES;
				SDKROOT = iphoneos;
			};
			name = Debug;
		};
		AB85230A2513402C0021D179 /* Release */ = {
			isa = XCBuildConfiguration;
			buildSettings = {
				ALWAYS_SEARCH_USER_PATHS = NO;
				CLANG_ANALYZER_NONNULL = YES;
				CLANG_ANALYZER_NUMBER_OBJECT_CONVERSION = YES_AGGRESSIVE;
				CLANG_CXX_LANGUAGE_STANDARD = "gnu++14";
				CLANG_CXX_LIBRARY = "libc++";
				CLANG_ENABLE_MODULES = YES;
				CLANG_ENABLE_OBJC_ARC = YES;
				CLANG_ENABLE_OBJC_WEAK = YES;
				CLANG_WARN_BLOCK_CAPTURE_AUTORELEASING = YES;
				CLANG_WARN_BOOL_CONVERSION = YES;
				CLANG_WARN_COMMA = YES;
				CLANG_WARN_CONSTANT_CONVERSION = YES;
				CLANG_WARN_DEPRECATED_OBJC_IMPLEMENTATIONS = YES;
				CLANG_WARN_DIRECT_OBJC_ISA_USAGE = YES_ERROR;
				CLANG_WARN_DOCUMENTATION_COMMENTS = YES;
				CLANG_WARN_EMPTY_BODY = YES;
				CLANG_WARN_ENUM_CONVERSION = YES;
				CLANG_WARN_INFINITE_RECURSION = YES;
				CLANG_WARN_INT_CONVERSION = YES;
				CLANG_WARN_NON_LITERAL_NULL_CONVERSION = YES;
				CLANG_WARN_OBJC_IMPLICIT_RETAIN_SELF = YES;
				CLANG_WARN_OBJC_LITERAL_CONVERSION = YES;
				CLANG_WARN_OBJC_ROOT_CLASS = YES_ERROR;
				CLANG_WARN_QUOTED_INCLUDE_IN_FRAMEWORK_HEADER = YES;
				CLANG_WARN_RANGE_LOOP_ANALYSIS = YES;
				CLANG_WARN_STRICT_PROTOTYPES = YES;
				CLANG_WARN_SUSPICIOUS_MOVE = YES;
				CLANG_WARN_UNGUARDED_AVAILABILITY = YES_AGGRESSIVE;
				CLANG_WARN_UNREACHABLE_CODE = YES;
				CLANG_WARN__DUPLICATE_METHOD_MATCH = YES;
				COPY_PHASE_STRIP = NO;
				DEBUG_INFORMATION_FORMAT = "dwarf-with-dsym";
				ENABLE_NS_ASSERTIONS = NO;
				ENABLE_STRICT_OBJC_MSGSEND = YES;
				GCC_C_LANGUAGE_STANDARD = gnu11;
				GCC_NO_COMMON_BLOCKS = YES;
				GCC_WARN_64_TO_32_BIT_CONVERSION = YES;
				GCC_WARN_ABOUT_RETURN_TYPE = YES_ERROR;
				GCC_WARN_UNDECLARED_SELECTOR = YES;
				GCC_WARN_UNINITIALIZED_AUTOS = YES_AGGRESSIVE;
				GCC_WARN_UNUSED_FUNCTION = YES;
				GCC_WARN_UNUSED_VARIABLE = YES;
				IPHONEOS_DEPLOYMENT_TARGET = 12.0;
				MTL_ENABLE_DEBUG_INFO = NO;
				MTL_FAST_MATH = YES;
				SDKROOT = iphoneos;
				VALIDATE_PRODUCT = YES;
			};
			name = Release;
		};
		AB85230C2513402C0021D179 /* Debug */ = {
			isa = XCBuildConfiguration;
			buildSettings = {
				ASSETCATALOG_COMPILER_APPICON_NAME = AppIcon;
				CODE_SIGN_STYLE = Automatic;
				DEVELOPMENT_TEAM = CFD2JZRN22;
				INFOPLIST_FILE = OpenGL_3.0/Info.plist;
				IPHONEOS_DEPLOYMENT_TARGET = 12.0;
				LD_RUNPATH_SEARCH_PATHS = (
					"$(inherited)",
					"@executable_path/Frameworks",
				);
				PRODUCT_BUNDLE_IDENTIFIER = "com.vdian.mediapipe.OpenGL-3-0";
				PRODUCT_NAME = "$(TARGET_NAME)";
				TARGETED_DEVICE_FAMILY = "1,2";
			};
			name = Debug;
		};
		AB85230D2513402C0021D179 /* Release */ = {
			isa = XCBuildConfiguration;
			buildSettings = {
				ASSETCATALOG_COMPILER_APPICON_NAME = AppIcon;
				CODE_SIGN_STYLE = Automatic;
				DEVELOPMENT_TEAM = CFD2JZRN22;
				INFOPLIST_FILE = OpenGL_3.0/Info.plist;
				IPHONEOS_DEPLOYMENT_TARGET = 12.0;
				LD_RUNPATH_SEARCH_PATHS = (
					"$(inherited)",
					"@executable_path/Frameworks",
				);
				PRODUCT_BUNDLE_IDENTIFIER = "com.vdian.mediapipe.OpenGL-3-0";
				PRODUCT_NAME = "$(TARGET_NAME)";
				TARGETED_DEVICE_FAMILY = "1,2";
			};
			name = Release;
		};
		AB85230F2513402C0021D179 /* Debug */ = {
			isa = XCBuildConfiguration;
			buildSettings = {
				BUNDLE_LOADER = "$(TEST_HOST)";
				CODE_SIGN_STYLE = Automatic;
				DEVELOPMENT_TEAM = CFD2JZRN22;
				INFOPLIST_FILE = OpenGL_3.0Tests/Info.plist;
				IPHONEOS_DEPLOYMENT_TARGET = 13.7;
				LD_RUNPATH_SEARCH_PATHS = (
					"$(inherited)",
					"@executable_path/Frameworks",
					"@loader_path/Frameworks",
				);
				PRODUCT_BUNDLE_IDENTIFIER = "com.vdian.mediapipe.OpenGL-3-0Tests";
				PRODUCT_NAME = "$(TARGET_NAME)";
				TARGETED_DEVICE_FAMILY = "1,2";
				TEST_HOST = "$(BUILT_PRODUCTS_DIR)/OpenGL_3.0.app/OpenGL_3.0";
			};
			name = Debug;
		};
		AB8523102513402C0021D179 /* Release */ = {
			isa = XCBuildConfiguration;
			buildSettings = {
				BUNDLE_LOADER = "$(TEST_HOST)";
				CODE_SIGN_STYLE = Automatic;
				DEVELOPMENT_TEAM = CFD2JZRN22;
				INFOPLIST_FILE = OpenGL_3.0Tests/Info.plist;
				IPHONEOS_DEPLOYMENT_TARGET = 13.7;
				LD_RUNPATH_SEARCH_PATHS = (
					"$(inherited)",
					"@executable_path/Frameworks",
					"@loader_path/Frameworks",
				);
				PRODUCT_BUNDLE_IDENTIFIER = "com.vdian.mediapipe.OpenGL-3-0Tests";
				PRODUCT_NAME = "$(TARGET_NAME)";
				TARGETED_DEVICE_FAMILY = "1,2";
				TEST_HOST = "$(BUILT_PRODUCTS_DIR)/OpenGL_3.0.app/OpenGL_3.0";
			};
			name = Release;
		};
		AB8523122513402C0021D179 /* Debug */ = {
			isa = XCBuildConfiguration;
			buildSettings = {
				CODE_SIGN_STYLE = Automatic;
				DEVELOPMENT_TEAM = CFD2JZRN22;
				INFOPLIST_FILE = OpenGL_3.0UITests/Info.plist;
				LD_RUNPATH_SEARCH_PATHS = (
					"$(inherited)",
					"@executable_path/Frameworks",
					"@loader_path/Frameworks",
				);
				PRODUCT_BUNDLE_IDENTIFIER = "com.vdian.mediapipe.OpenGL-3-0UITests";
				PRODUCT_NAME = "$(TARGET_NAME)";
				TARGETED_DEVICE_FAMILY = "1,2";
				TEST_TARGET_NAME = OpenGL_3.0;
			};
			name = Debug;
		};
		AB8523132513402C0021D179 /* Release */ = {
			isa = XCBuildConfiguration;
			buildSettings = {
				CODE_SIGN_STYLE = Automatic;
				DEVELOPMENT_TEAM = CFD2JZRN22;
				INFOPLIST_FILE = OpenGL_3.0UITests/Info.plist;
				LD_RUNPATH_SEARCH_PATHS = (
					"$(inherited)",
					"@executable_path/Frameworks",
					"@loader_path/Frameworks",
				);
				PRODUCT_BUNDLE_IDENTIFIER = "com.vdian.mediapipe.OpenGL-3-0UITests";
				PRODUCT_NAME = "$(TARGET_NAME)";
				TARGETED_DEVICE_FAMILY = "1,2";
				TEST_TARGET_NAME = OpenGL_3.0;
			};
			name = Release;
		};
/* End XCBuildConfiguration section */

/* Begin XCConfigurationList section */
		AB8522D72513402A0021D179 /* Build configuration list for PBXProject "OpenGL_3.0" */ = {
			isa = XCConfigurationList;
			buildConfigurations = (
				AB8523092513402C0021D179 /* Debug */,
				AB85230A2513402C0021D179 /* Release */,
			);
			defaultConfigurationIsVisible = 0;
			defaultConfigurationName = Release;
		};
		AB85230B2513402C0021D179 /* Build configuration list for PBXNativeTarget "OpenGL_3.0" */ = {
			isa = XCConfigurationList;
			buildConfigurations = (
				AB85230C2513402C0021D179 /* Debug */,
				AB85230D2513402C0021D179 /* Release */,
			);
			defaultConfigurationIsVisible = 0;
			defaultConfigurationName = Release;
		};
		AB85230E2513402C0021D179 /* Build configuration list for PBXNativeTarget "OpenGL_3.0Tests" */ = {
			isa = XCConfigurationList;
			buildConfigurations = (
				AB85230F2513402C0021D179 /* Debug */,
				AB8523102513402C0021D179 /* Release */,
			);
			defaultConfigurationIsVisible = 0;
			defaultConfigurationName = Release;
		};
		AB8523112513402C0021D179 /* Build configuration list for PBXNativeTarget "OpenGL_3.0UITests" */ = {
			isa = XCConfigurationList;
			buildConfigurations = (
				AB8523122513402C0021D179 /* Debug */,
				AB8523132513402C0021D179 /* Release */,
			);
			defaultConfigurationIsVisible = 0;
			defaultConfigurationName = Release;
		};
/* End XCConfigurationList section */
	};
	rootObject = AB8522D42513402A0021D179 /* Project object */;
}
